
Microsoft Visual Studio Solution File, Format Version 12.00
# Visual Studio Version 17
VisualStudioVersion = 17.0.31903.59
MinimumVisualStudioVersion = 10.0.40219.1
Project("{2150E333-8FDC-42A3-9474-1A3956D46DE8}") = "src", "src", "{827E0CD3-B72D-47B6-A68D-7590B98EB39B}"
EndProject
Project("{2150E333-8FDC-42A3-9474-1A3956D46DE8}") = "01_Presentation", "01_Presentation", "{CAC4905C-E206-30B9-7DDA-5F1976FA7C40}"
EndProject
Project("{FAE04EC0-301F-11D3-BF4B-00C04F79EFBC}") = "twitter.api.web", "src\twitter.api.web\twitter.api.web.csproj", "{E15FB4D7-99F1-43AE-A6AC-760EA3610BC1}"
EndProject
Project("{2150E333-8FDC-42A3-9474-1A3956D46DE8}") = "02_Application", "02_Application", "{72A6DA15-4212-AC6B-05C3-31DE4169F501}"
EndProject
Project("{FAE04EC0-301F-11D3-BF4B-00C04F79EFBC}") = "twitter.api.application", "src\twitter.api.application\twitter.api.application.csproj", "{8E99D02E-0989-4354-BFEB-E019BC89E8A1}"
EndProject
Project("{2150E333-8FDC-42A3-9474-1A3956D46DE8}") = "03_Domain", "03_Domain", "{A77A8018-8AFF-BC13-A5EF-057E51E4FD17}"
EndProject
Project("{FAE04EC0-301F-11D3-BF4B-00C04F79EFBC}") = "twitter.api.domain", "src\twitter.api.domain\twitter.api.domain.csproj", "{F03A7906-2D0F-41DB-A5CB-FCB9B4BB532C}"
EndProject
Project("{2150E333-8FDC-42A3-9474-1A3956D46DE8}") = "04_Infrastructure", "04_Infrastructure", "{2193CF60-D92E-688F-C3BB-47A1D83ABB12}"
EndProject
Project("{FAE04EC0-301F-11D3-BF4B-00C04F79EFBC}") = "twitter.api.data", "src\twitter.api.data\twitter.api.data.csproj", "{296A51E0-76CE-4E06-8CD2-DED7B195915D}"
EndProject
Project("{2150E333-8FDC-42A3-9474-1A3956D46DE8}") = "tests", "tests", "{0AB3BF05-4346-4AA6-1389-037BE0695223}"
EndProject
Project("{FAE04EC0-301F-11D3-BF4B-00C04F79EFBC}") = "twitter.api.application.tests", "tests\twitter.api.application.tests\twitter.api.application.tests.csproj", "{78404391-5209-44B7-8D13-BD6458EAA6E7}"
EndProject
Project("{FAE04EC0-301F-11D3-BF4B-00C04F79EFBC}") = "twitter.api.domain.tests", "tests\twitter.api.domain.tests\twitter.api.domain.tests.csproj", "{0DA76778-08DB-4CA7-96B4-7F265AE00D1F}"
EndProject
Project("{FAE04EC0-301F-11D3-BF4B-00C04F79EFBC}") = "twitter.api.web.tests", "tests\twitter.api.web.tests\twitter.api.web.tests.csproj", "{AEECAFBB-D09B-4A64-A451-32F9F4601D10}"
EndProject
Project("{FAE04EC0-301F-11D3-BF4B-00C04F79EFBC}") = "twitter.api.integration.tests", "tests\twitter.api.integration.tests\twitter.api.integration.tests.csproj", "{71CC5F4E-D700-42CA-8A18-C805C38F3F1D}"
EndProject
Global
	GlobalSection(SolutionConfigurationPlatforms) = preSolution
		Debug|Any CPU = Debug|Any CPU
		Debug|x64 = Debug|x64
		Debug|x86 = Debug|x86
		Release|Any CPU = Release|Any CPU
		Release|x64 = Release|x64
		Release|x86 = Release|x86
	EndGlobalSection
	GlobalSection(ProjectConfigurationPlatforms) = postSolution
		{E15FB4D7-99F1-43AE-A6AC-760EA3610BC1}.Debug|Any CPU.ActiveCfg = Debug|Any CPU
		{E15FB4D7-99F1-43AE-A6AC-760EA3610BC1}.Debug|Any CPU.Build.0 = Debug|Any CPU
		{E15FB4D7-99F1-43AE-A6AC-760EA3610BC1}.Debug|x64.ActiveCfg = Debug|Any CPU
		{E15FB4D7-99F1-43AE-A6AC-760EA3610BC1}.Debug|x64.Build.0 = Debug|Any CPU
		{E15FB4D7-99F1-43AE-A6AC-760EA3610BC1}.Debug|x86.ActiveCfg = Debug|Any CPU
		{E15FB4D7-99F1-43AE-A6AC-760EA3610BC1}.Debug|x86.Build.0 = Debug|Any CPU
		{E15FB4D7-99F1-43AE-A6AC-760EA3610BC1}.Release|Any CPU.ActiveCfg = Release|Any CPU
		{E15FB4D7-99F1-43AE-A6AC-760EA3610BC1}.Release|Any CPU.Build.0 = Release|Any CPU
		{E15FB4D7-99F1-43AE-A6AC-760EA3610BC1}.Release|x64.ActiveCfg = Release|Any CPU
		{E15FB4D7-99F1-43AE-A6AC-760EA3610BC1}.Release|x64.Build.0 = Release|Any CPU
		{E15FB4D7-99F1-43AE-A6AC-760EA3610BC1}.Release|x86.ActiveCfg = Release|Any CPU
		{E15FB4D7-99F1-43AE-A6AC-760EA3610BC1}.Release|x86.Build.0 = Release|Any CPU
		{8E99D02E-0989-4354-BFEB-E019BC89E8A1}.Debug|Any CPU.ActiveCfg = Debug|Any CPU
		{8E99D02E-0989-4354-BFEB-E019BC89E8A1}.Debug|Any CPU.Build.0 = Debug|Any CPU
		{8E99D02E-0989-4354-BFEB-E019BC89E8A1}.Debug|x64.ActiveCfg = Debug|Any CPU
		{8E99D02E-0989-4354-BFEB-E019BC89E8A1}.Debug|x64.Build.0 = Debug|Any CPU
		{8E99D02E-0989-4354-BFEB-E019BC89E8A1}.Debug|x86.ActiveCfg = Debug|Any CPU
		{8E99D02E-0989-4354-BFEB-E019BC89E8A1}.Debug|x86.Build.0 = Debug|Any CPU
		{8E99D02E-0989-4354-BFEB-E019BC89E8A1}.Release|Any CPU.ActiveCfg = Release|Any CPU
		{8E99D02E-0989-4354-BFEB-E019BC89E8A1}.Release|Any CPU.Build.0 = Release|Any CPU
		{8E99D02E-0989-4354-BFEB-E019BC89E8A1}.Release|x64.ActiveCfg = Release|Any CPU
		{8E99D02E-0989-4354-BFEB-E019BC89E8A1}.Release|x64.Build.0 = Release|Any CPU
		{8E99D02E-0989-4354-BFEB-E019BC89E8A1}.Release|x86.ActiveCfg = Release|Any CPU
		{8E99D02E-0989-4354-BFEB-E019BC89E8A1}.Release|x86.Build.0 = Release|Any CPU
		{F03A7906-2D0F-41DB-A5CB-FCB9B4BB532C}.Debug|Any CPU.ActiveCfg = Debug|Any CPU
		{F03A7906-2D0F-41DB-A5CB-FCB9B4BB532C}.Debug|Any CPU.Build.0 = Debug|Any CPU
		{F03A7906-2D0F-41DB-A5CB-FCB9B4BB532C}.Debug|x64.ActiveCfg = Debug|Any CPU
		{F03A7906-2D0F-41DB-A5CB-FCB9B4BB532C}.Debug|x64.Build.0 = Debug|Any CPU
		{F03A7906-2D0F-41DB-A5CB-FCB9B4BB532C}.Debug|x86.ActiveCfg = Debug|Any CPU
		{F03A7906-2D0F-41DB-A5CB-FCB9B4BB532C}.Debug|x86.Build.0 = Debug|Any CPU
		{F03A7906-2D0F-41DB-A5CB-FCB9B4BB532C}.Release|Any CPU.ActiveCfg = Release|Any CPU
		{F03A7906-2D0F-41DB-A5CB-FCB9B4BB532C}.Release|Any CPU.Build.0 = Release|Any CPU
		{F03A7906-2D0F-41DB-A5CB-FCB9B4BB532C}.Release|x64.ActiveCfg = Release|Any CPU
		{F03A7906-2D0F-41DB-A5CB-FCB9B4BB532C}.Release|x64.Build.0 = Release|Any CPU
		{F03A7906-2D0F-41DB-A5CB-FCB9B4BB532C}.Release|x86.ActiveCfg = Release|Any CPU
		{F03A7906-2D0F-41DB-A5CB-FCB9B4BB532C}.Release|x86.Build.0 = Release|Any CPU
		{296A51E0-76CE-4E06-8CD2-DED7B195915D}.Debug|Any CPU.ActiveCfg = Debug|Any CPU
		{296A51E0-76CE-4E06-8CD2-DED7B195915D}.Debug|Any CPU.Build.0 = Debug|Any CPU
		{296A51E0-76CE-4E06-8CD2-DED7B195915D}.Debug|x64.ActiveCfg = Debug|Any CPU
		{296A51E0-76CE-4E06-8CD2-DED7B195915D}.Debug|x64.Build.0 = Debug|Any CPU
		{296A51E0-76CE-4E06-8CD2-DED7B195915D}.Debug|x86.ActiveCfg = Debug|Any CPU
		{296A51E0-76CE-4E06-8CD2-DED7B195915D}.Debug|x86.Build.0 = Debug|Any CPU
		{296A51E0-76CE-4E06-8CD2-DED7B195915D}.Release|Any CPU.ActiveCfg = Release|Any CPU
		{296A51E0-76CE-4E06-8CD2-DED7B195915D}.Release|Any CPU.Build.0 = Release|Any CPU
		{296A51E0-76CE-4E06-8CD2-DED7B195915D}.Release|x64.ActiveCfg = Release|Any CPU
		{296A51E0-76CE-4E06-8CD2-DED7B195915D}.Release|x64.Build.0 = Release|Any CPU
		{296A51E0-76CE-4E06-8CD2-DED7B195915D}.Release|x86.ActiveCfg = Release|Any CPU
		{296A51E0-76CE-4E06-8CD2-DED7B195915D}.Release|x86.Build.0 = Release|Any CPU
		{78404391-5209-44B7-8D13-BD6458EAA6E7}.Debug|Any CPU.ActiveCfg = Debug|Any CPU
		{78404391-5209-44B7-8D13-BD6458EAA6E7}.Debug|Any CPU.Build.0 = Debug|Any CPU
		{78404391-5209-44B7-8D13-BD6458EAA6E7}.Debug|x64.ActiveCfg = Debug|Any CPU
		{78404391-5209-44B7-8D13-BD6458EAA6E7}.Debug|x64.Build.0 = Debug|Any CPU
		{78404391-5209-44B7-8D13-BD6458EAA6E7}.Debug|x86.ActiveCfg = Debug|Any CPU
		{78404391-5209-44B7-8D13-BD6458EAA6E7}.Debug|x86.Build.0 = Debug|Any CPU
		{78404391-5209-44B7-8D13-BD6458EAA6E7}.Release|Any CPU.ActiveCfg = Release|Any CPU
		{78404391-5209-44B7-8D13-BD6458EAA6E7}.Release|Any CPU.Build.0 = Release|Any CPU
		{78404391-5209-44B7-8D13-BD6458EAA6E7}.Release|x64.ActiveCfg = Release|Any CPU
		{78404391-5209-44B7-8D13-BD6458EAA6E7}.Release|x64.Build.0 = Release|Any CPU
		{78404391-5209-44B7-8D13-BD6458EAA6E7}.Release|x86.ActiveCfg = Release|Any CPU
		{78404391-5209-44B7-8D13-BD6458EAA6E7}.Release|x86.Build.0 = Release|Any CPU
		{0DA76778-08DB-4CA7-96B4-7F265AE00D1F}.Debug|Any CPU.ActiveCfg = Debug|Any CPU
		{0DA76778-08DB-4CA7-96B4-7F265AE00D1F}.Debug|Any CPU.Build.0 = Debug|Any CPU
		{0DA76778-08DB-4CA7-96B4-7F265AE00D1F}.Debug|x64.ActiveCfg = Debug|Any CPU
		{0DA76778-08DB-4CA7-96B4-7F265AE00D1F}.Debug|x64.Build.0 = Debug|Any CPU
		{0DA76778-08DB-4CA7-96B4-7F265AE00D1F}.Debug|x86.ActiveCfg = Debug|Any CPU
		{0DA76778-08DB-4CA7-96B4-7F265AE00D1F}.Debug|x86.Build.0 = Debug|Any CPU
		{0DA76778-08DB-4CA7-96B4-7F265AE00D1F}.Release|Any CPU.ActiveCfg = Release|Any CPU
		{0DA76778-08DB-4CA7-96B4-7F265AE00D1F}.Release|Any CPU.Build.0 = Release|Any CPU
		{0DA76778-08DB-4CA7-96B4-7F265AE00D1F}.Release|x64.ActiveCfg = Release|Any CPU
		{0DA76778-08DB-4CA7-96B4-7F265AE00D1F}.Release|x64.Build.0 = Release|Any CPU
		{0DA76778-08DB-4CA7-96B4-7F265AE00D1F}.Release|x86.ActiveCfg = Release|Any CPU
		{0DA76778-08DB-4CA7-96B4-7F265AE00D1F}.Release|x86.Build.0 = Release|Any CPU
		{AEECAFBB-D09B-4A64-A451-32F9F4601D10}.Debug|Any CPU.ActiveCfg = Debug|Any CPU
		{AEECAFBB-D09B-4A64-A451-32F9F4601D10}.Debug|Any CPU.Build.0 = Debug|Any CPU
		{AEECAFBB-D09B-4A64-A451-32F9F4601D10}.Debug|x64.ActiveCfg = Debug|Any CPU
		{AEECAFBB-D09B-4A64-A451-32F9F4601D10}.Debug|x64.Build.0 = Debug|Any CPU
		{AEECAFBB-D09B-4A64-A451-32F9F4601D10}.Debug|x86.ActiveCfg = Debug|Any CPU
		{AEECAFBB-D09B-4A64-A451-32F9F4601D10}.Debug|x86.Build.0 = Debug|Any CPU
		{AEECAFBB-D09B-4A64-A451-32F9F4601D10}.Release|Any CPU.ActiveCfg = Release|Any CPU
		{AEECAFBB-D09B-4A64-A451-32F9F4601D10}.Release|Any CPU.Build.0 = Release|Any CPU
		{AEECAFBB-D09B-4A64-A451-32F9F4601D10}.Release|x64.ActiveCfg = Release|Any CPU
		{AEECAFBB-D09B-4A64-A451-32F9F4601D10}.Release|x64.Build.0 = Release|Any CPU
		{AEECAFBB-D09B-4A64-A451-32F9F4601D10}.Release|x86.ActiveCfg = Release|Any CPU
		{AEECAFBB-D09B-4A64-A451-32F9F4601D10}.Release|x86.Build.0 = Release|Any CPU
		{71CC5F4E-D700-42CA-8A18-C805C38F3F1D}.Debug|Any CPU.ActiveCfg = Debug|Any CPU
		{71CC5F4E-D700-42CA-8A18-C805C38F3F1D}.Debug|Any CPU.Build.0 = Debug|Any CPU
		{71CC5F4E-D700-42CA-8A18-C805C38F3F1D}.Debug|x64.ActiveCfg = Debug|Any CPU
		{71CC5F4E-D700-42CA-8A18-C805C38F3F1D}.Debug|x64.Build.0 = Debug|Any CPU
		{71CC5F4E-D700-42CA-8A18-C805C38F3F1D}.Debug|x86.ActiveCfg = Debug|Any CPU
		{71CC5F4E-D700-42CA-8A18-C805C38F3F1D}.Debug|x86.Build.0 = Debug|Any CPU
		{71CC5F4E-D700-42CA-8A18-C805C38F3F1D}.Release|Any CPU.ActiveCfg = Release|Any CPU
		{71CC5F4E-D700-42CA-8A18-C805C38F3F1D}.Release|Any CPU.Build.0 = Release|Any CPU
		{71CC5F4E-D700-42CA-8A18-C805C38F3F1D}.Release|x64.ActiveCfg = Release|Any CPU
		{71CC5F4E-D700-42CA-8A18-C805C38F3F1D}.Release|x64.Build.0 = Release|Any CPU
		{71CC5F4E-D700-42CA-8A18-C805C38F3F1D}.Release|x86.ActiveCfg = Release|Any CPU
		{71CC5F4E-D700-42CA-8A18-C805C38F3F1D}.Release|x86.Build.0 = Release|Any CPU
	EndGlobalSection
	GlobalSection(SolutionProperties) = preSolution
		HideSolutionNode = FALSE
	EndGlobalSection
	GlobalSection(NestedProjects) = preSolution
		{CAC4905C-E206-30B9-7DDA-5F1976FA7C40} = {827E0CD3-B72D-47B6-A68D-7590B98EB39B}
		{E15FB4D7-99F1-43AE-A6AC-760EA3610BC1} = {CAC4905C-E206-30B9-7DDA-5F1976FA7C40}
		{72A6DA15-4212-AC6B-05C3-31DE4169F501} = {827E0CD3-B72D-47B6-A68D-7590B98EB39B}
		{8E99D02E-0989-4354-BFEB-E019BC89E8A1} = {72A6DA15-4212-AC6B-05C3-31DE4169F501}
		{A77A8018-8AFF-BC13-A5EF-057E51E4FD17} = {827E0CD3-B72D-47B6-A68D-7590B98EB39B}
		{F03A7906-2D0F-41DB-A5CB-FCB9B4BB532C} = {A77A8018-8AFF-BC13-A5EF-057E51E4FD17}
		{2193CF60-D92E-688F-C3BB-47A1D83ABB12} = {827E0CD3-B72D-47B6-A68D-7590B98EB39B}
		{296A51E0-76CE-4E06-8CD2-DED7B195915D} = {2193CF60-D92E-688F-C3BB-47A1D83ABB12}
		{78404391-5209-44B7-8D13-BD6458EAA6E7} = {0AB3BF05-4346-4AA6-1389-037BE0695223}
		{0DA76778-08DB-4CA7-96B4-7F265AE00D1F} = {0AB3BF05-4346-4AA6-1389-037BE0695223}
		{AEECAFBB-D09B-4A64-A451-32F9F4601D10} = {0AB3BF05-4346-4AA6-1389-037BE0695223}
		{71CC5F4E-D700-42CA-8A18-C805C38F3F1D} = {0AB3BF05-4346-4AA6-1389-037BE0695223}
	EndGlobalSection
EndGlobal
